{
  "version": 4,
  "terraform_version": "1.5.6",
  "serial": 39,
  "lineage": "cac21259-41a4-3995-c1bf-1184cf107103",
  "outputs": {},
  "resources": [
    {
      "mode": "managed",
      "type": "helm_release",
      "name": "istio_base",
      "provider": "provider[\"registry.terraform.io/hashicorp/helm\"]",
      "instances": [
        {
          "schema_version": 1,
          "attributes": {
            "atomic": false,
            "chart": "base",
            "cleanup_on_fail": true,
            "create_namespace": false,
            "dependency_update": false,
            "description": null,
            "devel": null,
            "disable_crd_hooks": false,
            "disable_openapi_validation": false,
            "disable_webhooks": false,
            "force_update": false,
            "id": "istio-base",
            "keyring": null,
            "lint": false,
            "manifest": null,
            "max_history": 0,
            "metadata": [
              {
                "app_version": "1.23.1",
                "chart": "base",
                "first_deployed": 1726538400,
                "last_deployed": 1726538400,
                "name": "istio-base",
                "namespace": "istio-system",
                "notes": "Istio base successfully installed!\n\nTo learn more about the release, try:\n  $ helm status istio-base -n istio-system\n  $ helm get all istio-base -n istio-system\n",
                "revision": 1,
                "values": "{}",
                "version": "1.23.1"
              }
            ],
            "name": "istio-base",
            "namespace": "istio-system",
            "pass_credentials": false,
            "postrender": [],
            "recreate_pods": false,
            "render_subchart_notes": true,
            "replace": false,
            "repository": "https://istio-release.storage.googleapis.com/charts",
            "repository_ca_file": null,
            "repository_cert_file": null,
            "repository_key_file": null,
            "repository_password": null,
            "repository_username": null,
            "reset_values": false,
            "reuse_values": false,
            "set": [],
            "set_list": [],
            "set_sensitive": [],
            "skip_crds": false,
            "status": "deployed",
            "timeout": 300,
            "upgrade_install": null,
            "values": null,
            "verify": false,
            "version": "1.23.1",
            "wait": true,
            "wait_for_jobs": false
          },
          "sensitive_attributes": [],
          "private": "eyJzY2hlbWFfdmVyc2lvbiI6IjEifQ==",
          "dependencies": [
            "kubernetes_namespace.istio_system"
          ]
        }
      ]
    },
    {
      "mode": "managed",
      "type": "helm_release",
      "name": "istiod",
      "provider": "provider[\"registry.terraform.io/hashicorp/helm\"]",
      "instances": [
        {
          "schema_version": 1,
          "attributes": {
            "atomic": false,
            "chart": "istiod",
            "cleanup_on_fail": true,
            "create_namespace": false,
            "dependency_update": false,
            "description": null,
            "devel": null,
            "disable_crd_hooks": false,
            "disable_openapi_validation": false,
            "disable_webhooks": false,
            "force_update": false,
            "id": "istiod",
            "keyring": null,
            "lint": false,
            "manifest": null,
            "max_history": 0,
            "metadata": [
              {
                "app_version": "1.22.3",
                "chart": "istiod",
                "first_deployed": 1726538405,
                "last_deployed": 1726538405,
                "name": "istiod",
                "namespace": "istio-system",
                "notes": "\"istiod\" successfully installed!\n\nTo learn more about the release, try:\n  $ helm status istiod -n istio-system\n  $ helm get all istiod -n istio-system\n\nNext steps:\n  * Deploy a Gateway: https://istio.io/latest/docs/setup/additional-setup/gateway/\n  * Try out our tasks to get started on common configurations:\n    * https://istio.io/latest/docs/tasks/traffic-management\n    * https://istio.io/latest/docs/tasks/security/\n    * https://istio.io/latest/docs/tasks/policy-enforcement/\n  * Review the list of actively supported releases, CVE publications and our hardening guide:\n    * https://istio.io/latest/docs/releases/supported-releases/\n    * https://istio.io/latest/news/security/\n    * https://istio.io/latest/docs/ops/best-practices/security/\n\nFor further documentation see https://istio.io website\n",
                "revision": 1,
                "values": "{\"global\":{\"imagePullPolicy\":\"IfNotPresent\",\"proxy\":{\"resources\":{\"limits\":{\"cpu\":\"200m\",\"memory\":\"256Mi\"},\"requests\":{\"cpu\":\"100m\",\"memory\":\"128Mi\"}}}},\"pilot\":{\"resources\":{\"limits\":{\"cpu\":1,\"memory\":\"2Gi\"},\"requests\":{\"cpu\":\"500m\",\"memory\":\"1Gi\"}}},\"telemetry\":{\"enabled\":true},\"tracing\":{\"enabled\":true}}",
                "version": "1.22.3"
              }
            ],
            "name": "istiod",
            "namespace": "istio-system",
            "pass_credentials": false,
            "postrender": [],
            "recreate_pods": false,
            "render_subchart_notes": true,
            "replace": false,
            "repository": "https://istio-release.storage.googleapis.com/charts",
            "repository_ca_file": null,
            "repository_cert_file": null,
            "repository_key_file": null,
            "repository_password": null,
            "repository_username": null,
            "reset_values": false,
            "reuse_values": false,
            "set": [],
            "set_list": [],
            "set_sensitive": [],
            "skip_crds": false,
            "status": "deployed",
            "timeout": 1200,
            "upgrade_install": null,
            "values": [
              "# istio-values.yaml\r\n\r\n# Sample configurations to override Istio default values\r\nglobal:\r\n  proxy:\r\n    resources:\r\n      requests:\r\n        cpu: 100m\r\n        memory: 128Mi\r\n      limits:\r\n        cpu: 200m\r\n        memory: 256Mi\r\n  imagePullPolicy: IfNotPresent\r\n\r\npilot:\r\n  resources:\r\n    requests:\r\n      cpu: 500m\r\n      memory: 1Gi\r\n    limits:\r\n      cpu: 1\r\n      memory: 2Gi\r\n\r\ntelemetry:\r\n  enabled: true\r\n\r\ntracing:\r\n  enabled: true\r\n\r\n---\r\n# server:\r\n#   resources:\r\n#     requests:\r\n#       memory: 256Mi\r\n#       cpu: 100m\r\n#     limits:\r\n#       memory: 512Mi\r\n#       cpu: 200m\r\n#   configMapReload:\r\n#     resources:\r\n#       requests:\r\n#         memory: 50Mi\r\n#         cpu: 10m\r\n#       limits:\r\n#         memory: 100Mi\r\n#         cpu: 20m\r\n\r\n# telemetry:\r\n#   enabled: true\r\n\r\n# tracing:\r\n#   enabled: true"
            ],
            "verify": false,
            "version": "1.22.3",
            "wait": true,
            "wait_for_jobs": false
          },
          "sensitive_attributes": [],
          "private": "eyJzY2hlbWFfdmVyc2lvbiI6IjEifQ==",
          "dependencies": [
            "helm_release.istio_base",
            "kubernetes_namespace.istio_system"
          ]
        }
      ]
    },
    {
      "mode": "managed",
      "type": "helm_release",
      "name": "kiali",
      "provider": "provider[\"registry.terraform.io/hashicorp/helm\"]",
      "instances": [
        {
          "schema_version": 1,
          "attributes": {
            "atomic": false,
            "chart": "kiali-server",
            "cleanup_on_fail": false,
            "create_namespace": false,
            "dependency_update": false,
            "description": null,
            "devel": null,
            "disable_crd_hooks": false,
            "disable_openapi_validation": false,
            "disable_webhooks": false,
            "force_update": false,
            "id": "kiali",
            "keyring": null,
            "lint": false,
            "manifest": null,
            "max_history": 0,
            "metadata": [
              {
                "app_version": "v1.82.0",
                "chart": "kiali-server",
                "first_deployed": 1726538455,
                "last_deployed": 1726538455,
                "name": "kiali",
                "namespace": "istio-system",
                "notes": "Welcome to Kiali! For more details on Kiali, see: https://kiali.io\n\nThe Kiali Server [v1.82.0] has been installed in namespace [istio-system]. It will be ready soon.\n\n(Helm: Chart=[kiali-server], Release=[kiali], Version=[1.82.0])\n",
                "revision": 1,
                "values": "{\"kiali\":{\"auth\":{\"strategy\":\"anonymous\"},\"external_services\":{\"prometheus\":{\"url\":\"http://prometheus.prometheus:9090\"}},\"resources\":{\"limits\":{\"cpu\":\"1m\",\"memory\":\"1024Mi\"},\"requests\":{\"cpu\":\"500m\",\"memory\":\"512Mi\"}}}}",
                "version": "1.82.0"
              }
            ],
            "name": "kiali",
            "namespace": "istio-system",
            "pass_credentials": false,
            "postrender": [],
            "recreate_pods": false,
            "render_subchart_notes": true,
            "replace": false,
            "repository": "https://kiali.org/helm-charts",
            "repository_ca_file": null,
            "repository_cert_file": null,
            "repository_key_file": null,
            "repository_password": null,
            "repository_username": null,
            "reset_values": false,
            "reuse_values": false,
            "set": [],
            "set_list": [],
            "set_sensitive": [],
            "skip_crds": false,
            "status": "deployed",
            "timeout": 1200,
            "upgrade_install": null,
            "values": [
              "# Sample values for Kiali installation\r\nkiali:\r\n  auth:\r\n    strategy: anonymous\r\n  external_services:\r\n    prometheus:\r\n      url: \"http://prometheus.prometheus:9090\"\r\n  resources:\r\n    requests:\r\n      memory: \"512Mi\"\r\n      cpu: \"500m\"\r\n    limits:\r\n      memory: \"1024Mi\"\r\n      cpu: \"1m\"\r\n"
            ],
            "verify": false,
            "version": "1.82.0",
            "wait": true,
            "wait_for_jobs": false
          },
          "sensitive_attributes": [],
          "private": "eyJzY2hlbWFfdmVyc2lvbiI6IjEifQ==",
          "dependencies": [
            "helm_release.istio_base",
            "helm_release.istiod",
            "helm_release.prometheus",
            "kubernetes_namespace.istio_system"
          ]
        }
      ]
    },
    {
      "mode": "managed",
      "type": "helm_release",
      "name": "prometheus",
      "provider": "provider[\"registry.terraform.io/hashicorp/helm\"]",
      "instances": [
        {
          "schema_version": 1,
          "attributes": {
            "atomic": false,
            "chart": "prometheus",
            "cleanup_on_fail": false,
            "create_namespace": false,
            "dependency_update": false,
            "description": null,
            "devel": null,
            "disable_crd_hooks": false,
            "disable_openapi_validation": false,
            "disable_webhooks": false,
            "force_update": false,
            "id": "prometheus",
            "keyring": null,
            "lint": false,
            "manifest": null,
            "max_history": 0,
            "metadata": [
              {
                "app_version": "v2.54.1",
                "chart": "prometheus",
                "first_deployed": 1726538398,
                "last_deployed": 1726538398,
                "name": "prometheus",
                "namespace": "istio-system",
                "notes": "kube-state-metrics is a simple service that listens to the Kubernetes API server and generates metrics about the state of the objects.\nThe exposed metrics can be found here:\nhttps://github.com/kubernetes/kube-state-metrics/blob/master/docs/README.md#exposed-metrics\n\nThe metrics are exported on the HTTP endpoint /metrics on the listening port.\nIn your case, prometheus-kube-state-metrics.istio-system.svc.cluster.local:8080/metrics\n\nThey are served either as plaintext or protobuf depending on the Accept header.\nThey are designed to be consumed either by Prometheus itself or by a scraper that is compatible with scraping a Prometheus client endpoint.\n\n1. Get the application URL by running these commands:\n  export POD_NAME=$(kubectl get pods --namespace istio-system -l \"app.kubernetes.io/name=alertmanager,app.kubernetes.io/instance=prometheus\" -o jsonpath=\"{.items[0].metadata.name}\")\n  echo \"Visit http://127.0.0.1:9093 to use your application\"\n  kubectl --namespace istio-system port-forward $POD_NAME 9093:80\n\nThe Prometheus server can be accessed via port 80 on the following DNS name from within your cluster:\nprometheus-server.istio-system.svc.cluster.local\n\n\nGet the Prometheus server URL by running these commands in the same shell:\n  export POD_NAME=$(kubectl get pods --namespace istio-system -l \"app.kubernetes.io/name=prometheus,app.kubernetes.io/instance=prometheus\" -o jsonpath=\"{.items[0].metadata.name}\")\n  kubectl --namespace istio-system port-forward $POD_NAME 9090\n\n\nThe Prometheus alertmanager can be accessed via port 9093 on the following DNS name from within your cluster:\nprometheus-alertmanager.istio-system.svc.cluster.local\n\n\nGet the Alertmanager URL by running these commands in the same shell:\n  export POD_NAME=$(kubectl get pods --namespace istio-system -l \"app.kubernetes.io/name=alertmanager,app.kubernetes.io/instance=prometheus\" -o jsonpath=\"{.items[0].metadata.name}\")\n  kubectl --namespace istio-system port-forward $POD_NAME 9093\n#################################################################################\n######   WARNING: Pod Security Policy has been disabled by default since    #####\n######            it deprecated after k8s 1.25+. use                        #####\n######            (index .Values \"prometheus-node-exporter\" \"rbac\"          #####\n###### .          \"pspEnabled\") with (index .Values                         #####\n######            \"prometheus-node-exporter\" \"rbac\" \"pspAnnotations\")       #####\n######            in case you still need it.                                #####\n#################################################################################\n\n\nThe Prometheus PushGateway can be accessed via port 9091 on the following DNS name from within your cluster:\nprometheus-prometheus-pushgateway.istio-system.svc.cluster.local\n\n\nGet the PushGateway URL by running these commands in the same shell:\n  export POD_NAME=$(kubectl get pods --namespace istio-system -l \"app=prometheus-pushgateway,component=pushgateway\" -o jsonpath=\"{.items[0].metadata.name}\")\n  kubectl --namespace istio-system port-forward $POD_NAME 9091\n\nFor more information on running Prometheus, visit:\nhttps://prometheus.io/\n\n1. Get the application URL by running these commands:\n  export POD_NAME=$(kubectl get pods --namespace istio-system -l \"app.kubernetes.io/name=prometheus-pushgateway,app.kubernetes.io/instance=prometheus\" -o jsonpath=\"{.items[0].metadata.name}\")\n  kubectl port-forward $POD_NAME 9091\n  echo \"Visit http://127.0.0.1:9091 to use your application\"\n\n1. Get the application URL by running these commands:\n  export POD_NAME=$(kubectl get pods --namespace istio-system -l \"app.kubernetes.io/name=prometheus-node-exporter,app.kubernetes.io/instance=prometheus\" -o jsonpath=\"{.items[0].metadata.name}\")\n  echo \"Visit http://127.0.0.1:9100 to use your application\"\n  kubectl port-forward --namespace istio-system $POD_NAME 9100",
                "revision": 1,
                "values": "{\"alertmanager\":{\"enabled\":true},\"server\":{\"resources\":{\"limits\":{\"cpu\":\"200m\",\"memory\":\"512Mi\"},\"requests\":{\"cpu\":\"100m\",\"memory\":\"256Mi\"}}}}",
                "version": "25.27.0"
              }
            ],
            "name": "prometheus",
            "namespace": "istio-system",
            "pass_credentials": false,
            "postrender": [],
            "recreate_pods": false,
            "render_subchart_notes": true,
            "replace": false,
            "repository": "https://prometheus-community.github.io/helm-charts",
            "repository_ca_file": null,
            "repository_cert_file": null,
            "repository_key_file": null,
            "repository_password": null,
            "repository_username": null,
            "reset_values": false,
            "reuse_values": false,
            "set": [],
            "set_list": [],
            "set_sensitive": [],
            "skip_crds": false,
            "status": "deployed",
            "timeout": 600,
            "upgrade_install": null,
            "values": [
              "# Sample values for Prometheus installation\r\nalertmanager:\r\n  enabled: true\r\n\r\nserver:\r\n  resources:\r\n    requests:\r\n      memory: 256Mi\r\n      cpu: 100m\r\n    limits:\r\n      memory: 512Mi\r\n      cpu: 200m\r\n  \r\n\r\n"
            ],
            "verify": false,
            "version": "25.27.0",
            "wait": true,
            "wait_for_jobs": false
          },
          "sensitive_attributes": [],
          "private": "eyJzY2hlbWFfdmVyc2lvbiI6IjEifQ==",
          "dependencies": [
            "kubernetes_namespace.istio_system"
          ]
        }
      ]
    },
    {
      "mode": "managed",
      "type": "kubernetes_labels",
      "name": "example",
      "provider": "provider[\"registry.terraform.io/hashicorp/kubernetes\"]",
      "instances": [
        {
          "schema_version": 0,
          "attributes": {
            "api_version": "v1",
            "field_manager": "Terraform",
            "force": null,
            "id": "apiVersion=v1,kind=Namespace,name=default",
            "kind": "Namespace",
            "labels": {
              "istio-injection": "enabled"
            },
            "metadata": [
              {
                "name": "default",
                "namespace": ""
              }
            ]
          },
          "sensitive_attributes": [],
          "private": "bnVsbA=="
        }
      ]
    },
    {
      "mode": "managed",
      "type": "kubernetes_namespace",
      "name": "istio_system",
      "provider": "provider[\"registry.terraform.io/hashicorp/kubernetes\"]",
      "instances": [
        {
          "schema_version": 0,
          "attributes": {
            "id": "istio-system",
            "metadata": [
              {
                "annotations": null,
                "generate_name": "",
                "generation": 0,
                "labels": null,
                "name": "istio-system",
                "resource_version": "144735",
                "uid": "94695c9b-1295-43bd-b6ec-a2c675f096f6"
              }
            ],
            "timeouts": null,
            "wait_for_default_service_account": false
          },
          "sensitive_attributes": [],
          "private": "eyJlMmJmYjczMC1lY2FhLTExZTYtOGY4OC0zNDM2M2JjN2M0YzAiOnsiZGVsZXRlIjozMDAwMDAwMDAwMDB9fQ=="
        }
      ]
    }
  ],
  "check_results": null
}
